
Microsoft Visual Studio Solution File, Format Version 12.00
# Visual Studio 15
VisualStudioVersion = 15.0.27130.2003
MinimumVisualStudioVersion = 10.0.40219.1
Project("{FAE04EC0-301F-11D3-BF4B-00C04F79EFBC}") = "Core.DataAccess", "Core.DataAccess\Core.DataAccess.csproj", "{B830039B-282F-455E-9B03-EFF3C36DE6FE}"
EndProject
Global
	GlobalSection(SolutionConfigurationPlatforms) = preSolution
		Debug|Any CPU = Debug|Any CPU
		Release|Any CPU = Release|Any CPU
	EndGlobalSection
	GlobalSection(ProjectConfigurationPlatforms) = postSolution
		{B830039B-282F-455E-9B03-EFF3C36DE6FE}.Debug|Any CPU.ActiveCfg = Debug|Any CPU
		{B830039B-282F-455E-9B03-EFF3C36DE6FE}.Debug|Any CPU.Build.0 = Debug|Any CPU
		{B830039B-282F-455E-9B03-EFF3C36DE6FE}.Release|Any CPU.ActiveCfg = Release|Any CPU
		{B830039B-282F-455E-9B03-EFF3C36DE6FE}.Release|Any CPU.Build.0 = Release|Any CPU
	EndGlobalSection
	GlobalSection(SolutionProperties) = preSolution
		HideSolutionNode = FALSE
	EndGlobalSection
	GlobalSection(ExtensibilityGlobals) = postSolution
		SolutionGuid = {6EF3022A-EA0B-42B4-89A9-8E4C5B1D844D}
	EndGlobalSection
EndGlobal
